
Microsoft Visual Studio Solution File, Format Version 12.00
# Visual Studio Version 17
VisualStudioVersion = 17.9.34728.123
MinimumVisualStudioVersion = 10.0.40219.1
Project("{9A19103F-16F7-4668-BE54-9A1E7A4F7556}") = "Platformer", "Platformer.csproj", "{6CE4B2F8-33C9-4751-962E-2AD1E3F7E72E}"
EndProject
Project("{FAE04EC0-301F-11D3-BF4B-00C04F79EFBC}") = "PlatformerEditor", "..\PlatformerEditor\PlatformerEditor.csproj", "{406C55BA-446B-4F89-BAED-5BC36DF01FD8}"
EndProject
Global
	GlobalSection(SolutionConfigurationPlatforms) = preSolution
		Debug|Any CPU = Debug|Any CPU
		Release|Any CPU = Release|Any CPU
	EndGlobalSection
	GlobalSection(ProjectConfigurationPlatforms) = postSolution
		{6CE4B2F8-33C9-4751-962E-2AD1E3F7E72E}.Debug|Any CPU.ActiveCfg = Debug|Any CPU
		{6CE4B2F8-33C9-4751-962E-2AD1E3F7E72E}.Debug|Any CPU.Build.0 = Debug|Any CPU
		{6CE4B2F8-33C9-4751-962E-2AD1E3F7E72E}.Release|Any CPU.ActiveCfg = Release|Any CPU
		{6CE4B2F8-33C9-4751-962E-2AD1E3F7E72E}.Release|Any CPU.Build.0 = Release|Any CPU
		{406C55BA-446B-4F89-BAED-5BC36DF01FD8}.Debug|Any CPU.ActiveCfg = Debug|Any CPU
		{406C55BA-446B-4F89-BAED-5BC36DF01FD8}.Debug|Any CPU.Build.0 = Debug|Any CPU
		{406C55BA-446B-4F89-BAED-5BC36DF01FD8}.Release|Any CPU.ActiveCfg = Release|Any CPU
		{406C55BA-446B-4F89-BAED-5BC36DF01FD8}.Release|Any CPU.Build.0 = Release|Any CPU
	EndGlobalSection
	GlobalSection(SolutionProperties) = preSolution
		HideSolutionNode = FALSE
	EndGlobalSection
	GlobalSection(ExtensibilityGlobals) = postSolution
		SolutionGuid = {DE3B774D-3077-4242-8FBC-2E9E8E45FCB7}
	EndGlobalSection
EndGlobal
